# THIS IS AN AUTOGENERATED FILE. DO NOT EDIT THIS FILE DIRECTLY.
# yarn lockfile v1


vue-i18n@^8.26.5:
  version "8.26.5"
  resolved "https://registry.yarnpkg.com/vue-i18n/-/vue-i18n-8.26.5.tgz#b61e994e7ae83564c6aebd004543156bbdc7c7e9"
  integrity sha512-qYqfsFd8v2QFSLDAabqXXXpwjGvkuqJtTWqRpZPXpAFO6PArGH4A9vSplnA0HLmnB8km7OB5ZSdP8lkkX0rLew==
